// !$*UTF8*$!
{
	archiveVersion = 1;
	classes = {
	};
	objectVersion = 56;
	objects = {

/* Begin PBXBuildFile section */
		36E68A9E2A25DD9500DBA1E2 /* ECommerceUIApp.swift in Sources */ = {isa = PBXBuildFile; fileRef = 36E68A9D2A25DD9500DBA1E2 /* ECommerceUIApp.swift */; };
		36E68AA02A25DD9500DBA1E2 /* ContentView.swift in Sources */ = {isa = PBXBuildFile; fileRef = 36E68A9F2A25DD9500DBA1E2 /* ContentView.swift */; };
		36E68AA22A25DD9700DBA1E2 /* Assets.xcassets in Resources */ = {isa = PBXBuildFile; fileRef = 36E68AA12A25DD9700DBA1E2 /* Assets.xcassets */; };
		36E68AA52A25DD9700DBA1E2 /* Preview Assets.xcassets in Resources */ = {isa = PBXBuildFile; fileRef = 36E68AA42A25DD9700DBA1E2 /* Preview Assets.xcassets */; };
		36E68AAF2A25DE1B00DBA1E2 /* category.json in Resources */ = {isa = PBXBuildFile; fileRef = 36E68AAB2A25DE1A00DBA1E2 /* category.json */; };
		36E68AB02A25DE1B00DBA1E2 /* product.json in Resources */ = {isa = PBXBuildFile; fileRef = 36E68AAC2A25DE1B00DBA1E2 /* product.json */; };
		36E68AB12A25DE1B00DBA1E2 /* player.json in Resources */ = {isa = PBXBuildFile; fileRef = 36E68AAD2A25DE1B00DBA1E2 /* player.json */; };
		36E68AB22A25DE1B00DBA1E2 /* brand.json in Resources */ = {isa = PBXBuildFile; fileRef = 36E68AAE2A25DE1B00DBA1E2 /* brand.json */; };
		36E68ABD2A25DF3300DBA1E2 /* Constant.swift in Sources */ = {isa = PBXBuildFile; fileRef = 36E68ABC2A25DF3300DBA1E2 /* Constant.swift */; };
		36E68ABF2A25DF7800DBA1E2 /* FooterView.swift in Sources */ = {isa = PBXBuildFile; fileRef = 36E68ABE2A25DF7800DBA1E2 /* FooterView.swift */; };
		36E68AC12A25E1C300DBA1E2 /* NavigationBarView.swift in Sources */ = {isa = PBXBuildFile; fileRef = 36E68AC02A25E1C300DBA1E2 /* NavigationBarView.swift */; };
		36E68AC32A25E2AB00DBA1E2 /* LogoView.swift in Sources */ = {isa = PBXBuildFile; fileRef = 36E68AC22A25E2AB00DBA1E2 /* LogoView.swift */; };
		36E68AC62A25E2FB00DBA1E2 /* LogoTitleModifiers.swift in Sources */ = {isa = PBXBuildFile; fileRef = 36E68AC52A25E2FB00DBA1E2 /* LogoTitleModifiers.swift */; };
		36E68AC82A25EA2200DBA1E2 /* PlayerModel.swift in Sources */ = {isa = PBXBuildFile; fileRef = 36E68AC72A25EA2200DBA1E2 /* PlayerModel.swift */; };
		36E68ACA2A25EA4000DBA1E2 /* CodableBundleExtension.swift in Sources */ = {isa = PBXBuildFile; fileRef = 36E68AC92A25EA4000DBA1E2 /* CodableBundleExtension.swift */; };
		36E68ACC2A25EB4900DBA1E2 /* FeaturedItemView.swift in Sources */ = {isa = PBXBuildFile; fileRef = 36E68ACB2A25EB4900DBA1E2 /* FeaturedItemView.swift */; };
		36E68ACE2A25EBDE00DBA1E2 /* FeaturedTabView.swift in Sources */ = {isa = PBXBuildFile; fileRef = 36E68ACD2A25EBDE00DBA1E2 /* FeaturedTabView.swift */; };
		36E68AD02A25FCFA00DBA1E2 /* CategoryModel.swift in Sources */ = {isa = PBXBuildFile; fileRef = 36E68ACF2A25FCFA00DBA1E2 /* CategoryModel.swift */; };
		36E68AD22A25FFA800DBA1E2 /* CategoryItemView.swift in Sources */ = {isa = PBXBuildFile; fileRef = 36E68AD12A25FFA800DBA1E2 /* CategoryItemView.swift */; };
		36E68AD42A2607DA00DBA1E2 /* CategoryGridView.swift in Sources */ = {isa = PBXBuildFile; fileRef = 36E68AD32A2607DA00DBA1E2 /* CategoryGridView.swift */; };
		36E68AD62A2608E500DBA1E2 /* SectionView.swift in Sources */ = {isa = PBXBuildFile; fileRef = 36E68AD52A2608E500DBA1E2 /* SectionView.swift */; };
		36E68AD82A260A5B00DBA1E2 /* TitleView.swift in Sources */ = {isa = PBXBuildFile; fileRef = 36E68AD72A260A5B00DBA1E2 /* TitleView.swift */; };
		36E68ADA2A260ADE00DBA1E2 /* ProductModel.swift in Sources */ = {isa = PBXBuildFile; fileRef = 36E68AD92A260ADE00DBA1E2 /* ProductModel.swift */; };
		36E68ADE2A260B7A00DBA1E2 /* ProductItemView.swift in Sources */ = {isa = PBXBuildFile; fileRef = 36E68ADD2A260B7A00DBA1E2 /* ProductItemView.swift */; };
		36E68AE02A260EE100DBA1E2 /* BrandModel.swift in Sources */ = {isa = PBXBuildFile; fileRef = 36E68ADF2A260EE100DBA1E2 /* BrandModel.swift */; };
		36E68AE22A260F2800DBA1E2 /* BrandItemView.swift in Sources */ = {isa = PBXBuildFile; fileRef = 36E68AE12A260F2800DBA1E2 /* BrandItemView.swift */; };
		36E68AE42A260FBD00DBA1E2 /* BrandGridView.swift in Sources */ = {isa = PBXBuildFile; fileRef = 36E68AE32A260FBD00DBA1E2 /* BrandGridView.swift */; };
		36E68AE62A26130C00DBA1E2 /* ProductDetailView.swift in Sources */ = {isa = PBXBuildFile; fileRef = 36E68AE52A26130C00DBA1E2 /* ProductDetailView.swift */; };
		36E68AE82A2613B700DBA1E2 /* NavigationBarDetailView.swift in Sources */ = {isa = PBXBuildFile; fileRef = 36E68AE72A2613B700DBA1E2 /* NavigationBarDetailView.swift */; };
		36E68AEA2A26144000DBA1E2 /* HeaderDetailView.swift in Sources */ = {isa = PBXBuildFile; fileRef = 36E68AE92A26144000DBA1E2 /* HeaderDetailView.swift */; };
		36E68AEC2A2614A700DBA1E2 /* TopPartDetailView.swift in Sources */ = {isa = PBXBuildFile; fileRef = 36E68AEB2A2614A700DBA1E2 /* TopPartDetailView.swift */; };
		36E68AEE2A26181D00DBA1E2 /* CustomShape.swift in Sources */ = {isa = PBXBuildFile; fileRef = 36E68AED2A26181D00DBA1E2 /* CustomShape.swift */; };
		36E68AF02A261F8600DBA1E2 /* RatingSizeDetailView.swift in Sources */ = {isa = PBXBuildFile; fileRef = 36E68AEF2A261F8600DBA1E2 /* RatingSizeDetailView.swift */; };
		36E68AF22A26212600DBA1E2 /* QuantityFavouriteDetailView.swift in Sources */ = {isa = PBXBuildFile; fileRef = 36E68AF12A26212600DBA1E2 /* QuantityFavouriteDetailView.swift */; };
		36E68AF42A2623D200DBA1E2 /* AddToCartDetailView.swift in Sources */ = {isa = PBXBuildFile; fileRef = 36E68AF32A2623D200DBA1E2 /* AddToCartDetailView.swift */; };
		36E68AF62A26267600DBA1E2 /* Shop.swift in Sources */ = {isa = PBXBuildFile; fileRef = 36E68AF52A26267600DBA1E2 /* Shop.swift */; };
/* End PBXBuildFile section */

/* Begin PBXFileReference section */
		36E68A9A2A25DD9500DBA1E2 /* ECommerceUI.app */ = {isa = PBXFileReference; explicitFileType = wrapper.application; includeInIndex = 0; path = ECommerceUI.app; sourceTree = BUILT_PRODUCTS_DIR; };
		36E68A9D2A25DD9500DBA1E2 /* ECommerceUIApp.swift */ = {isa = PBXFileReference; lastKnownFileType = sourcecode.swift; path = ECommerceUIApp.swift; sourceTree = "<group>"; };
		36E68A9F2A25DD9500DBA1E2 /* ContentView.swift */ = {isa = PBXFileReference; lastKnownFileType = sourcecode.swift; path = ContentView.swift; sourceTree = "<group>"; };
		36E68AA12A25DD9700DBA1E2 /* Assets.xcassets */ = {isa = PBXFileReference; lastKnownFileType = folder.assetcatalog; path = Assets.xcassets; sourceTree = "<group>"; };
		36E68AA42A25DD9700DBA1E2 /* Preview Assets.xcassets */ = {isa = PBXFileReference; lastKnownFileType = folder.assetcatalog; path = "Preview Assets.xcassets"; sourceTree = "<group>"; };
		36E68AAB2A25DE1A00DBA1E2 /* category.json */ = {isa = PBXFileReference; fileEncoding = 4; lastKnownFileType = text.json; path = category.json; sourceTree = "<group>"; };
		36E68AAC2A25DE1B00DBA1E2 /* product.json */ = {isa = PBXFileReference; fileEncoding = 4; lastKnownFileType = text.json; path = product.json; sourceTree = "<group>"; };
		36E68AAD2A25DE1B00DBA1E2 /* player.json */ = {isa = PBXFileReference; fileEncoding = 4; lastKnownFileType = text.json; path = player.json; sourceTree = "<group>"; };
		36E68AAE2A25DE1B00DBA1E2 /* brand.json */ = {isa = PBXFileReference; fileEncoding = 4; lastKnownFileType = text.json; path = brand.json; sourceTree = "<group>"; };
		36E68AB42A25DE5100DBA1E2 /* Info.plist */ = {isa = PBXFileReference; lastKnownFileType = text.plist; path = Info.plist; sourceTree = "<group>"; };
		36E68ABC2A25DF3300DBA1E2 /* Constant.swift */ = {isa = PBXFileReference; lastKnownFileType = sourcecode.swift; path = Constant.swift; sourceTree = "<group>"; };
		36E68ABE2A25DF7800DBA1E2 /* FooterView.swift */ = {isa = PBXFileReference; lastKnownFileType = sourcecode.swift; path = FooterView.swift; sourceTree = "<group>"; };
		36E68AC02A25E1C300DBA1E2 /* NavigationBarView.swift */ = {isa = PBXFileReference; lastKnownFileType = sourcecode.swift; path = NavigationBarView.swift; sourceTree = "<group>"; };
		36E68AC22A25E2AB00DBA1E2 /* LogoView.swift */ = {isa = PBXFileReference; lastKnownFileType = sourcecode.swift; path = LogoView.swift; sourceTree = "<group>"; };
		36E68AC52A25E2FB00DBA1E2 /* LogoTitleModifiers.swift */ = {isa = PBXFileReference; lastKnownFileType = sourcecode.swift; path = LogoTitleModifiers.swift; sourceTree = "<group>"; };
		36E68AC72A25EA2200DBA1E2 /* PlayerModel.swift */ = {isa = PBXFileReference; lastKnownFileType = sourcecode.swift; path = PlayerModel.swift; sourceTree = "<group>"; };
		36E68AC92A25EA4000DBA1E2 /* CodableBundleExtension.swift */ = {isa = PBXFileReference; lastKnownFileType = sourcecode.swift; path = CodableBundleExtension.swift; sourceTree = "<group>"; };
		36E68ACB2A25EB4900DBA1E2 /* FeaturedItemView.swift */ = {isa = PBXFileReference; lastKnownFileType = sourcecode.swift; path = FeaturedItemView.swift; sourceTree = "<group>"; };
		36E68ACD2A25EBDE00DBA1E2 /* FeaturedTabView.swift */ = {isa = PBXFileReference; lastKnownFileType = sourcecode.swift; path = FeaturedTabView.swift; sourceTree = "<group>"; };
		36E68ACF2A25FCFA00DBA1E2 /* CategoryModel.swift */ = {isa = PBXFileReference; lastKnownFileType = sourcecode.swift; path = CategoryModel.swift; sourceTree = "<group>"; };
		36E68AD12A25FFA800DBA1E2 /* CategoryItemView.swift */ = {isa = PBXFileReference; lastKnownFileType = sourcecode.swift; path = CategoryItemView.swift; sourceTree = "<group>"; };
		36E68AD32A2607DA00DBA1E2 /* CategoryGridView.swift */ = {isa = PBXFileReference; lastKnownFileType = sourcecode.swift; path = CategoryGridView.swift; sourceTree = "<group>"; };
		36E68AD52A2608E500DBA1E2 /* SectionView.swift */ = {isa = PBXFileReference; lastKnownFileType = sourcecode.swift; path = SectionView.swift; sourceTree = "<group>"; };
		36E68AD72A260A5B00DBA1E2 /* TitleView.swift */ = {isa = PBXFileReference; lastKnownFileType = sourcecode.swift; path = TitleView.swift; sourceTree = "<group>"; };
		36E68AD92A260ADE00DBA1E2 /* ProductModel.swift */ = {isa = PBXFileReference; lastKnownFileType = sourcecode.swift; path = ProductModel.swift; sourceTree = "<group>"; };
		36E68ADD2A260B7A00DBA1E2 /* ProductItemView.swift */ = {isa = PBXFileReference; lastKnownFileType = sourcecode.swift; path = ProductItemView.swift; sourceTree = "<group>"; };
		36E68ADF2A260EE100DBA1E2 /* BrandModel.swift */ = {isa = PBXFileReference; lastKnownFileType = sourcecode.swift; path = BrandModel.swift; sourceTree = "<group>"; };
		36E68AE12A260F2800DBA1E2 /* BrandItemView.swift */ = {isa = PBXFileReference; lastKnownFileType = sourcecode.swift; path = BrandItemView.swift; sourceTree = "<group>"; };
		36E68AE32A260FBD00DBA1E2 /* BrandGridView.swift */ = {isa = PBXFileReference; lastKnownFileType = sourcecode.swift; path = BrandGridView.swift; sourceTree = "<group>"; };
		36E68AE52A26130C00DBA1E2 /* ProductDetailView.swift */ = {isa = PBXFileReference; lastKnownFileType = sourcecode.swift; path = ProductDetailView.swift; sourceTree = "<group>"; };
		36E68AE72A2613B700DBA1E2 /* NavigationBarDetailView.swift */ = {isa = PBXFileReference; lastKnownFileType = sourcecode.swift; path = NavigationBarDetailView.swift; sourceTree = "<group>"; };
		36E68AE92A26144000DBA1E2 /* HeaderDetailView.swift */ = {isa = PBXFileReference; lastKnownFileType = sourcecode.swift; path = HeaderDetailView.swift; sourceTree = "<group>"; };
		36E68AEB2A2614A700DBA1E2 /* TopPartDetailView.swift */ = {isa = PBXFileReference; lastKnownFileType = sourcecode.swift; path = TopPartDetailView.swift; sourceTree = "<group>"; };
		36E68AED2A26181D00DBA1E2 /* CustomShape.swift */ = {isa = PBXFileReference; lastKnownFileType = sourcecode.swift; path = CustomShape.swift; sourceTree = "<group>"; };
		36E68AEF2A261F8600DBA1E2 /* RatingSizeDetailView.swift */ = {isa = PBXFileReference; lastKnownFileType = sourcecode.swift; path = RatingSizeDetailView.swift; sourceTree = "<group>"; };
		36E68AF12A26212600DBA1E2 /* QuantityFavouriteDetailView.swift */ = {isa = PBXFileReference; lastKnownFileType = sourcecode.swift; path = QuantityFavouriteDetailView.swift; sourceTree = "<group>"; };
		36E68AF32A2623D200DBA1E2 /* AddToCartDetailView.swift */ = {isa = PBXFileReference; lastKnownFileType = sourcecode.swift; path = AddToCartDetailView.swift; sourceTree = "<group>"; };
		36E68AF52A26267600DBA1E2 /* Shop.swift */ = {isa = PBXFileReference; lastKnownFileType = sourcecode.swift; path = Shop.swift; sourceTree = "<group>"; };
/* End PBXFileReference section */

/* Begin PBXFrameworksBuildPhase section */
		36E68A972A25DD9500DBA1E2 /* Frameworks */ = {
			isa = PBXFrameworksBuildPhase;
			buildActionMask = 2147483647;
			files = (
			);
			runOnlyForDeploymentPostprocessing = 0;
		};
/* End PBXFrameworksBuildPhase section */

/* Begin PBXGroup section */
		36E68A912A25DD9500DBA1E2 = {
			isa = PBXGroup;
			children = (
				36E68A9C2A25DD9500DBA1E2 /* ECommerceUI */,
				36E68A9B2A25DD9500DBA1E2 /* Products */,
			);
			sourceTree = "<group>";
		};
		36E68A9B2A25DD9500DBA1E2 /* Products */ = {
			isa = PBXGroup;
			children = (
				36E68A9A2A25DD9500DBA1E2 /* ECommerceUI.app */,
			);
			name = Products;
			sourceTree = "<group>";
		};
		36E68A9C2A25DD9500DBA1E2 /* ECommerceUI */ = {
			isa = PBXGroup;
			children = (
				36E68AB42A25DE5100DBA1E2 /* Info.plist */,
				36E68ABB2A25DEFD00DBA1E2 /* Utils */,
				36E68ABA2A25DEF800DBA1E2 /* Extension */,
				36E68AB32A25DE2000DBA1E2 /* Data */,
				36E68AB92A25DEF100DBA1E2 /* Model */,
				36E68AB62A25DEDF00DBA1E2 /* View */,
				36E68AB52A25DED100DBA1E2 /* App */,
				36E68AA12A25DD9700DBA1E2 /* Assets.xcassets */,
				36E68AA32A25DD9700DBA1E2 /* Preview Content */,
			);
			path = ECommerceUI;
			sourceTree = "<group>";
		};
		36E68AA32A25DD9700DBA1E2 /* Preview Content */ = {
			isa = PBXGroup;
			children = (
				36E68AA42A25DD9700DBA1E2 /* Preview Assets.xcassets */,
			);
			path = "Preview Content";
			sourceTree = "<group>";
		};
		36E68AB32A25DE2000DBA1E2 /* Data */ = {
			isa = PBXGroup;
			children = (
				36E68AAE2A25DE1B00DBA1E2 /* brand.json */,
				36E68AAB2A25DE1A00DBA1E2 /* category.json */,
				36E68AAD2A25DE1B00DBA1E2 /* player.json */,
				36E68AAC2A25DE1B00DBA1E2 /* product.json */,
			);
			path = Data;
			sourceTree = "<group>";
		};
		36E68AB52A25DED100DBA1E2 /* App */ = {
			isa = PBXGroup;
			children = (
				36E68A9D2A25DD9500DBA1E2 /* ECommerceUIApp.swift */,
				36E68A9F2A25DD9500DBA1E2 /* ContentView.swift */,
			);
			path = App;
			sourceTree = "<group>";
		};
		36E68AB62A25DEDF00DBA1E2 /* View */ = {
			isa = PBXGroup;
			children = (
				36E68AB82A25DEEB00DBA1E2 /* Detail */,
				36E68AB72A25DEE800DBA1E2 /* Home */,
			);
			path = View;
			sourceTree = "<group>";
		};
		36E68AB72A25DEE800DBA1E2 /* Home */ = {
			isa = PBXGroup;
			children = (
				36E68ABE2A25DF7800DBA1E2 /* FooterView.swift */,
				36E68AC02A25E1C300DBA1E2 /* NavigationBarView.swift */,
				36E68AC22A25E2AB00DBA1E2 /* LogoView.swift */,
				36E68ACB2A25EB4900DBA1E2 /* FeaturedItemView.swift */,
				36E68ACD2A25EBDE00DBA1E2 /* FeaturedTabView.swift */,
				36E68AD12A25FFA800DBA1E2 /* CategoryItemView.swift */,
				36E68AD32A2607DA00DBA1E2 /* CategoryGridView.swift */,
				36E68AD52A2608E500DBA1E2 /* SectionView.swift */,
				36E68AD72A260A5B00DBA1E2 /* TitleView.swift */,
				36E68ADD2A260B7A00DBA1E2 /* ProductItemView.swift */,
				36E68AE12A260F2800DBA1E2 /* BrandItemView.swift */,
				36E68AE32A260FBD00DBA1E2 /* BrandGridView.swift */,
			);
			path = Home;
			sourceTree = "<group>";
		};
		36E68AB82A25DEEB00DBA1E2 /* Detail */ = {
			isa = PBXGroup;
			children = (
				36E68AE52A26130C00DBA1E2 /* ProductDetailView.swift */,
				36E68AE72A2613B700DBA1E2 /* NavigationBarDetailView.swift */,
				36E68AE92A26144000DBA1E2 /* HeaderDetailView.swift */,
				36E68AEB2A2614A700DBA1E2 /* TopPartDetailView.swift */,
				36E68AEF2A261F8600DBA1E2 /* RatingSizeDetailView.swift */,
				36E68AF12A26212600DBA1E2 /* QuantityFavouriteDetailView.swift */,
				36E68AF32A2623D200DBA1E2 /* AddToCartDetailView.swift */,
			);
			path = Detail;
			sourceTree = "<group>";
		};
		36E68AB92A25DEF100DBA1E2 /* Model */ = {
			isa = PBXGroup;
			children = (
				36E68AC72A25EA2200DBA1E2 /* PlayerModel.swift */,
				36E68ACF2A25FCFA00DBA1E2 /* CategoryModel.swift */,
				36E68AD92A260ADE00DBA1E2 /* ProductModel.swift */,
				36E68ADF2A260EE100DBA1E2 /* BrandModel.swift */,
			);
			path = Model;
			sourceTree = "<group>";
		};
		36E68ABA2A25DEF800DBA1E2 /* Extension */ = {
			isa = PBXGroup;
			children = (
				36E68AC92A25EA4000DBA1E2 /* CodableBundleExtension.swift */,
			);
			path = Extension;
			sourceTree = "<group>";
		};
		36E68ABB2A25DEFD00DBA1E2 /* Utils */ = {
			isa = PBXGroup;
			children = (
				36E68AC42A25E2EA00DBA1E2 /* Modifiers */,
				36E68ABC2A25DF3300DBA1E2 /* Constant.swift */,
				36E68AED2A26181D00DBA1E2 /* CustomShape.swift */,
				36E68AF52A26267600DBA1E2 /* Shop.swift */,
			);
			path = Utils;
			sourceTree = "<group>";
		};
		36E68AC42A25E2EA00DBA1E2 /* Modifiers */ = {
			isa = PBXGroup;
			children = (
				36E68AC52A25E2FB00DBA1E2 /* LogoTitleModifiers.swift */,
			);
			path = Modifiers;
			sourceTree = "<group>";
		};
/* End PBXGroup section */

/* Begin PBXNativeTarget section */
		36E68A992A25DD9500DBA1E2 /* ECommerceUI */ = {
			isa = PBXNativeTarget;
			buildConfigurationList = 36E68AA82A25DD9700DBA1E2 /* Build configuration list for PBXNativeTarget "ECommerceUI" */;
			buildPhases = (
				36E68A962A25DD9500DBA1E2 /* Sources */,
				36E68A972A25DD9500DBA1E2 /* Frameworks */,
				36E68A982A25DD9500DBA1E2 /* Resources */,
			);
			buildRules = (
			);
			dependencies = (
			);
			name = ECommerceUI;
			productName = ECommerceUI;
			productReference = 36E68A9A2A25DD9500DBA1E2 /* ECommerceUI.app */;
			productType = "com.apple.product-type.application";
		};
/* End PBXNativeTarget section */

/* Begin PBXProject section */
		36E68A922A25DD9500DBA1E2 /* Project object */ = {
			isa = PBXProject;
			attributes = {
				BuildIndependentTargetsInParallel = 1;
				LastSwiftUpdateCheck = 1420;
				LastUpgradeCheck = 1420;
				TargetAttributes = {
					36E68A992A25DD9500DBA1E2 = {
						CreatedOnToolsVersion = 14.2;
					};
				};
			};
			buildConfigurationList = 36E68A952A25DD9500DBA1E2 /* Build configuration list for PBXProject "ECommerceUI" */;
			compatibilityVersion = "Xcode 14.0";
			developmentRegion = en;
			hasScannedForEncodings = 0;
			knownRegions = (
				en,
				Base,
			);
			mainGroup = 36E68A912A25DD9500DBA1E2;
			productRefGroup = 36E68A9B2A25DD9500DBA1E2 /* Products */;
			projectDirPath = "";
			projectRoot = "";
			targets = (
				36E68A992A25DD9500DBA1E2 /* ECommerceUI */,
			);
		};
/* End PBXProject section */

/* Begin PBXResourcesBuildPhase section */
		36E68A982A25DD9500DBA1E2 /* Resources */ = {
			isa = PBXResourcesBuildPhase;
			buildActionMask = 2147483647;
			files = (
				36E68AB12A25DE1B00DBA1E2 /* player.json in Resources */,
				36E68AAF2A25DE1B00DBA1E2 /* category.json in Resources */,
				36E68AB02A25DE1B00DBA1E2 /* product.json in Resources */,
				36E68AA52A25DD9700DBA1E2 /* Preview Assets.xcassets in Resources */,
				36E68AA22A25DD9700DBA1E2 /* Assets.xcassets in Resources */,
				36E68AB22A25DE1B00DBA1E2 /* brand.json in Resources */,
			);
			runOnlyForDeploymentPostprocessing = 0;
		};
/* End PBXResourcesBuildPhase section */

/* Begin PBXSourcesBuildPhase section */
		36E68A962A25DD9500DBA1E2 /* Sources */ = {
			isa = PBXSourcesBuildPhase;
			buildActionMask = 2147483647;
			files = (
				36E68AD42A2607DA00DBA1E2 /* CategoryGridView.swift in Sources */,
				36E68AA02A25DD9500DBA1E2 /* ContentView.swift in Sources */,
				36E68AD62A2608E500DBA1E2 /* SectionView.swift in Sources */,
				36E68AF62A26267600DBA1E2 /* Shop.swift in Sources */,
				36E68ADA2A260ADE00DBA1E2 /* ProductModel.swift in Sources */,
				36E68AD02A25FCFA00DBA1E2 /* CategoryModel.swift in Sources */,
				36E68AC32A25E2AB00DBA1E2 /* LogoView.swift in Sources */,
				36E68AF22A26212600DBA1E2 /* QuantityFavouriteDetailView.swift in Sources */,
				36E68AC82A25EA2200DBA1E2 /* PlayerModel.swift in Sources */,
				36E68AE42A260FBD00DBA1E2 /* BrandGridView.swift in Sources */,
				36E68AEA2A26144000DBA1E2 /* HeaderDetailView.swift in Sources */,
				36E68AF42A2623D200DBA1E2 /* AddToCartDetailView.swift in Sources */,
				36E68AEC2A2614A700DBA1E2 /* TopPartDetailView.swift in Sources */,
				36E68ABF2A25DF7800DBA1E2 /* FooterView.swift in Sources */,
				36E68AF02A261F8600DBA1E2 /* RatingSizeDetailView.swift in Sources */,
				36E68AD82A260A5B00DBA1E2 /* TitleView.swift in Sources */,
				36E68AEE2A26181D00DBA1E2 /* CustomShape.swift in Sources */,
				36E68AE82A2613B700DBA1E2 /* NavigationBarDetailView.swift in Sources */,
				36E68ADE2A260B7A00DBA1E2 /* ProductItemView.swift in Sources */,
				36E68A9E2A25DD9500DBA1E2 /* ECommerceUIApp.swift in Sources */,
				36E68AC62A25E2FB00DBA1E2 /* LogoTitleModifiers.swift in Sources */,
				36E68AE62A26130C00DBA1E2 /* ProductDetailView.swift in Sources */,
				36E68ACE2A25EBDE00DBA1E2 /* FeaturedTabView.swift in Sources */,
				36E68AC12A25E1C300DBA1E2 /* NavigationBarView.swift in Sources */,
				36E68ACC2A25EB4900DBA1E2 /* FeaturedItemView.swift in Sources */,
				36E68AE22A260F2800DBA1E2 /* BrandItemView.swift in Sources */,
				36E68AD22A25FFA800DBA1E2 /* CategoryItemView.swift in Sources */,
				36E68ABD2A25DF3300DBA1E2 /* Constant.swift in Sources */,
				36E68ACA2A25EA4000DBA1E2 /* CodableBundleExtension.swift in Sources */,
				36E68AE02A260EE100DBA1E2 /* BrandModel.swift in Sources */,
			);
			runOnlyForDeploymentPostprocessing = 0;
		};
/* End PBXSourcesBuildPhase section */

/* Begin XCBuildConfiguration section */
		36E68AA62A25DD9700DBA1E2 /* Debug */ = {
			isa = XCBuildConfiguration;
			buildSettings = {
				ALWAYS_SEARCH_USER_PATHS = NO;
				CLANG_ANALYZER_NONNULL = YES;
				CLANG_ANALYZER_NUMBER_OBJECT_CONVERSION = YES_AGGRESSIVE;
				CLANG_CXX_LANGUAGE_STANDARD = "gnu++20";
				CLANG_ENABLE_MODULES = YES;
				CLANG_ENABLE_OBJC_ARC = YES;
				CLANG_ENABLE_OBJC_WEAK = YES;
				CLANG_WARN_BLOCK_CAPTURE_AUTORELEASING = YES;
				CLANG_WARN_BOOL_CONVERSION = YES;
				CLANG_WARN_COMMA = YES;
				CLANG_WARN_CONSTANT_CONVERSION = YES;
				CLANG_WARN_DEPRECATED_OBJC_IMPLEMENTATIONS = YES;
				CLANG_WARN_DIRECT_OBJC_ISA_USAGE = YES_ERROR;
				CLANG_WARN_DOCUMENTATION_COMMENTS = YES;
				CLANG_WARN_EMPTY_BODY = YES;
				CLANG_WARN_ENUM_CONVERSION = YES;
				CLANG_WARN_INFINITE_RECURSION = YES;
				CLANG_WARN_INT_CONVERSION = YES;
				CLANG_WARN_NON_LITERAL_NULL_CONVERSION = YES;
				CLANG_WARN_OBJC_IMPLICIT_RETAIN_SELF = YES;
				CLANG_WARN_OBJC_LITERAL_CONVERSION = YES;
				CLANG_WARN_OBJC_ROOT_CLASS = YES_ERROR;
				CLANG_WARN_QUOTED_INCLUDE_IN_FRAMEWORK_HEADER = YES;
				CLANG_WARN_RANGE_LOOP_ANALYSIS = YES;
				CLANG_WARN_STRICT_PROTOTYPES = YES;
				CLANG_WARN_SUSPICIOUS_MOVE = YES;
				CLANG_WARN_UNGUARDED_AVAILABILITY = YES_AGGRESSIVE;
				CLANG_WARN_UNREACHABLE_CODE = YES;
				CLANG_WARN__DUPLICATE_METHOD_MATCH = YES;
				COPY_PHASE_STRIP = NO;
				DEBUG_INFORMATION_FORMAT = dwarf;
				ENABLE_STRICT_OBJC_MSGSEND = YES;
				ENABLE_TESTABILITY = YES;
				GCC_C_LANGUAGE_STANDARD = gnu11;
				GCC_DYNAMIC_NO_PIC = NO;
				GCC_NO_COMMON_BLOCKS = YES;
				GCC_OPTIMIZATION_LEVEL = 0;
				GCC_PREPROCESSOR_DEFINITIONS = (
					"DEBUG=1",
					"$(inherited)",
				);
				GCC_WARN_64_TO_32_BIT_CONVERSION = YES;
				GCC_WARN_ABOUT_RETURN_TYPE = YES_ERROR;
				GCC_WARN_UNDECLARED_SELECTOR = YES;
				GCC_WARN_UNINITIALIZED_AUTOS = YES_AGGRESSIVE;
				GCC_WARN_UNUSED_FUNCTION = YES;
				GCC_WARN_UNUSED_VARIABLE = YES;
				IPHONEOS_DEPLOYMENT_TARGET = 16.2;
				MTL_ENABLE_DEBUG_INFO = INCLUDE_SOURCE;
				MTL_FAST_MATH = YES;
				ONLY_ACTIVE_ARCH = YES;
				SDKROOT = iphoneos;
				SWIFT_ACTIVE_COMPILATION_CONDITIONS = DEBUG;
				SWIFT_OPTIMIZATION_LEVEL = "-Onone";
			};
			name = Debug;
		};
		36E68AA72A25DD9700DBA1E2 /* Release */ = {
			isa = XCBuildConfiguration;
			buildSettings = {
				ALWAYS_SEARCH_USER_PATHS = NO;
				CLANG_ANALYZER_NONNULL = YES;
				CLANG_ANALYZER_NUMBER_OBJECT_CONVERSION = YES_AGGRESSIVE;
				CLANG_CXX_LANGUAGE_STANDARD = "gnu++20";
				CLANG_ENABLE_MODULES = YES;
				CLANG_ENABLE_OBJC_ARC = YES;
				CLANG_ENABLE_OBJC_WEAK = YES;
				CLANG_WARN_BLOCK_CAPTURE_AUTORELEASING = YES;
				CLANG_WARN_BOOL_CONVERSION = YES;
				CLANG_WARN_COMMA = YES;
				CLANG_WARN_CONSTANT_CONVERSION = YES;
				CLANG_WARN_DEPRECATED_OBJC_IMPLEMENTATIONS = YES;
				CLANG_WARN_DIRECT_OBJC_ISA_USAGE = YES_ERROR;
				CLANG_WARN_DOCUMENTATION_COMMENTS = YES;
				CLANG_WARN_EMPTY_BODY = YES;
				CLANG_WARN_ENUM_CONVERSION = YES;
				CLANG_WARN_INFINITE_RECURSION = YES;
				CLANG_WARN_INT_CONVERSION = YES;
				CLANG_WARN_NON_LITERAL_NULL_CONVERSION = YES;
				CLANG_WARN_OBJC_IMPLICIT_RETAIN_SELF = YES;
				CLANG_WARN_OBJC_LITERAL_CONVERSION = YES;
				CLANG_WARN_OBJC_ROOT_CLASS = YES_ERROR;
				CLANG_WARN_QUOTED_INCLUDE_IN_FRAMEWORK_HEADER = YES;
				CLANG_WARN_RANGE_LOOP_ANALYSIS = YES;
				CLANG_WARN_STRICT_PROTOTYPES = YES;
				CLANG_WARN_SUSPICIOUS_MOVE = YES;
				CLANG_WARN_UNGUARDED_AVAILABILITY = YES_AGGRESSIVE;
				CLANG_WARN_UNREACHABLE_CODE = YES;
				CLANG_WARN__DUPLICATE_METHOD_MATCH = YES;
				COPY_PHASE_STRIP = NO;
				DEBUG_INFORMATION_FORMAT = "dwarf-with-dsym";
				ENABLE_NS_ASSERTIONS = NO;
				ENABLE_STRICT_OBJC_MSGSEND = YES;
				GCC_C_LANGUAGE_STANDARD = gnu11;
				GCC_NO_COMMON_BLOCKS = YES;
				GCC_WARN_64_TO_32_BIT_CONVERSION = YES;
				GCC_WARN_ABOUT_RETURN_TYPE = YES_ERROR;
				GCC_WARN_UNDECLARED_SELECTOR = YES;
				GCC_WARN_UNINITIALIZED_AUTOS = YES_AGGRESSIVE;
				GCC_WARN_UNUSED_FUNCTION = YES;
				GCC_WARN_UNUSED_VARIABLE = YES;
				IPHONEOS_DEPLOYMENT_TARGET = 16.2;
				MTL_ENABLE_DEBUG_INFO = NO;
				MTL_FAST_MATH = YES;
				SDKROOT = iphoneos;
				SWIFT_COMPILATION_MODE = wholemodule;
				SWIFT_OPTIMIZATION_LEVEL = "-O";
				VALIDATE_PRODUCT = YES;
			};
			name = Release;
		};
		36E68AA92A25DD9700DBA1E2 /* Debug */ = {
			isa = XCBuildConfiguration;
			buildSettings = {
				ASSETCATALOG_COMPILER_APPICON_NAME = AppIcon;
				ASSETCATALOG_COMPILER_GLOBAL_ACCENT_COLOR_NAME = AccentColor;
				CODE_SIGN_STYLE = Automatic;
				CURRENT_PROJECT_VERSION = 1;
				DEVELOPMENT_ASSET_PATHS = "\"ECommerceUI/Preview Content\"";
				DEVELOPMENT_TEAM = 56GPYX4M8B;
				ENABLE_PREVIEWS = YES;
				GENERATE_INFOPLIST_FILE = YES;
				INFOPLIST_FILE = ECommerceUI/Info.plist;
				INFOPLIST_KEY_UIApplicationSceneManifest_Generation = YES;
				INFOPLIST_KEY_UIApplicationSupportsIndirectInputEvents = YES;
				INFOPLIST_KEY_UISupportedInterfaceOrientations = UIInterfaceOrientationPortrait;
				INFOPLIST_KEY_UIUserInterfaceStyle = Light;
				LD_RUNPATH_SEARCH_PATHS = (
					"$(inherited)",
					"@executable_path/Frameworks",
				);
				MARKETING_VERSION = 1.0;
				PRODUCT_BUNDLE_IDENTIFIER = com.CanKanbur.ECommerceUI;
				PRODUCT_NAME = "$(TARGET_NAME)";
				SWIFT_EMIT_LOC_STRINGS = YES;
				SWIFT_VERSION = 5.0;
				TARGETED_DEVICE_FAMILY = "1,2";
			};
			name = Debug;
		};
		36E68AAA2A25DD9700DBA1E2 /* Release */ = {
			isa = XCBuildConfiguration;
			buildSettings = {
				ASSETCATALOG_COMPILER_APPICON_NAME = AppIcon;
				ASSETCATALOG_COMPILER_GLOBAL_ACCENT_COLOR_NAME = AccentColor;
				CODE_SIGN_STYLE = Automatic;
				CURRENT_PROJECT_VERSION = 1;
				DEVELOPMENT_ASSET_PATHS = "\"ECommerceUI/Preview Content\"";
				DEVELOPMENT_TEAM = 56GPYX4M8B;
				ENABLE_PREVIEWS = YES;
				GENERATE_INFOPLIST_FILE = YES;
				INFOPLIST_FILE = ECommerceUI/Info.plist;
				INFOPLIST_KEY_UIApplicationSceneManifest_Generation = YES;
				INFOPLIST_KEY_UIApplicationSupportsIndirectInputEvents = YES;
				INFOPLIST_KEY_UISupportedInterfaceOrientations = UIInterfaceOrientationPortrait;
				INFOPLIST_KEY_UIUserInterfaceStyle = Light;
				LD_RUNPATH_SEARCH_PATHS = (
					"$(inherited)",
					"@executable_path/Frameworks",
				);
				MARKETING_VERSION = 1.0;
				PRODUCT_BUNDLE_IDENTIFIER = com.CanKanbur.ECommerceUI;
				PRODUCT_NAME = "$(TARGET_NAME)";
				SWIFT_EMIT_LOC_STRINGS = YES;
				SWIFT_VERSION = 5.0;
				TARGETED_DEVICE_FAMILY = "1,2";
			};
			name = Release;
		};
/* End XCBuildConfiguration section */

/* Begin XCConfigurationList section */
		36E68A952A25DD9500DBA1E2 /* Build configuration list for PBXProject "ECommerceUI" */ = {
			isa = XCConfigurationList;
			buildConfigurations = (
				36E68AA62A25DD9700DBA1E2 /* Debug */,
				36E68AA72A25DD9700DBA1E2 /* Release */,
			);
			defaultConfigurationIsVisible = 0;
			defaultConfigurationName = Release;
		};
		36E68AA82A25DD9700DBA1E2 /* Build configuration list for PBXNativeTarget "ECommerceUI" */ = {
			isa = XCConfigurationList;
			buildConfigurations = (
				36E68AA92A25DD9700DBA1E2 /* Debug */,
				36E68AAA2A25DD9700DBA1E2 /* Release */,
			);
			defaultConfigurationIsVisible = 0;
			defaultConfigurationName = Release;
		};
/* End XCConfigurationList section */
	};
	rootObject = 36E68A922A25DD9500DBA1E2 /* Project object */;
}
