// !$*UTF8*$!
{
	archiveVersion = 1;
	classes = {
	};
	objectVersion = 56;
	objects = {

/* Begin PBXBuildFile section */
		36E68A9E2A25DD9500DBA1E2 /* ECommerceUIApp.swift in Sources */ = {isa = PBXBuildFile; fileRef = 36E68A9D2A25DD9500DBA1E2 /* ECommerceUIApp.swift */; };
		36E68AA02A25DD9500DBA1E2 /* ContentView.swift in Sources */ = {isa = PBXBuildFile; fileRef = 36E68A9F2A25DD9500DBA1E2 /* ContentView.swift */; };
		36E68AA22A25DD9700DBA1E2 /* Assets.xcassets in Resources */ = {isa = PBXBuildFile; fileRef = 36E68AA12A25DD9700DBA1E2 /* Assets.xcassets */; };
		36E68AA52A25DD9700DBA1E2 /* Preview Assets.xcassets in Resources */ = {isa = PBXBuildFile; fileRef = 36E68AA42A25DD9700DBA1E2 /* Preview Assets.xcassets */; };
		36E68AAF2A25DE1B00DBA1E2 /* category.json in Resources */ = {isa = PBXBuildFile; fileRef = 36E68AAB2A25DE1A00DBA1E2 /* category.json */; };
		36E68AB02A25DE1B00DBA1E2 /* product.json in Resources */ = {isa = PBXBuildFile; fileRef = 36E68AAC2A25DE1B00DBA1E2 /* product.json */; };
		36E68AB12A25DE1B00DBA1E2 /* player.json in Resources */ = {isa = PBXBuildFile; fileRef = 36E68AAD2A25DE1B00DBA1E2 /* player.json */; };
		36E68AB22A25DE1B00DBA1E2 /* brand.json in Resources */ = {isa = PBXBuildFile; fileRef = 36E68AAE2A25DE1B00DBA1E2 /* brand.json */; };
		36E68ABD2A25DF3300DBA1E2 /* Constant.swift in Sources */ = {isa = PBXBuildFile; fileRef = 36E68ABC2A25DF3300DBA1E2 /* Constant.swift */; };
		36E68ABF2A25DF7800DBA1E2 /* FooterView.swift in Sources */ = {isa = PBXBuildFile; fileRef = 36E68ABE2A25DF7800DBA1E2 /* FooterView.swift */; };
/* End PBXBuildFile section */

/* Begin PBXFileReference section */
		36E68A9A2A25DD9500DBA1E2 /* ECommerceUI.app */ = {isa = PBXFileReference; explicitFileType = wrapper.application; includeInIndex = 0; path = ECommerceUI.app; sourceTree = BUILT_PRODUCTS_DIR; };
		36E68A9D2A25DD9500DBA1E2 /* ECommerceUIApp.swift */ = {isa = PBXFileReference; lastKnownFileType = sourcecode.swift; path = ECommerceUIApp.swift; sourceTree = "<group>"; };
		36E68A9F2A25DD9500DBA1E2 /* ContentView.swift */ = {isa = PBXFileReference; lastKnownFileType = sourcecode.swift; path = ContentView.swift; sourceTree = "<group>"; };
		36E68AA12A25DD9700DBA1E2 /* Assets.xcassets */ = {isa = PBXFileReference; lastKnownFileType = folder.assetcatalog; path = Assets.xcassets; sourceTree = "<group>"; };
		36E68AA42A25DD9700DBA1E2 /* Preview Assets.xcassets */ = {isa = PBXFileReference; lastKnownFileType = folder.assetcatalog; path = "Preview Assets.xcassets"; sourceTree = "<group>"; };
		36E68AAB2A25DE1A00DBA1E2 /* category.json */ = {isa = PBXFileReference; fileEncoding = 4; lastKnownFileType = text.json; path = category.json; sourceTree = "<group>"; };
		36E68AAC2A25DE1B00DBA1E2 /* product.json */ = {isa = PBXFileReference; fileEncoding = 4; lastKnownFileType = text.json; path = product.json; sourceTree = "<group>"; };
		36E68AAD2A25DE1B00DBA1E2 /* player.json */ = {isa = PBXFileReference; fileEncoding = 4; lastKnownFileType = text.json; path = player.json; sourceTree = "<group>"; };
		36E68AAE2A25DE1B00DBA1E2 /* brand.json */ = {isa = PBXFileReference; fileEncoding = 4; lastKnownFileType = text.json; path = brand.json; sourceTree = "<group>"; };
		36E68AB42A25DE5100DBA1E2 /* Info.plist */ = {isa = PBXFileReference; lastKnownFileType = text.plist; path = Info.plist; sourceTree = "<group>"; };
		36E68ABC2A25DF3300DBA1E2 /* Constant.swift */ = {isa = PBXFileReference; lastKnownFileType = sourcecode.swift; path = Constant.swift; sourceTree = "<group>"; };
		36E68ABE2A25DF7800DBA1E2 /* FooterView.swift */ = {isa = PBXFileReference; lastKnownFileType = sourcecode.swift; path = FooterView.swift; sourceTree = "<group>"; };
/* End PBXFileReference section */

/* Begin PBXFrameworksBuildPhase section */
		36E68A972A25DD9500DBA1E2 /* Frameworks */ = {
			isa = PBXFrameworksBuildPhase;
			buildActionMask = 2147483647;
			files = (
			);
			runOnlyForDeploymentPostprocessing = 0;
		};
/* End PBXFrameworksBuildPhase section */

/* Begin PBXGroup section */
		36E68A912A25DD9500DBA1E2 = {
			isa = PBXGroup;
			children = (
				36E68A9C2A25DD9500DBA1E2 /* ECommerceUI */,
				36E68A9B2A25DD9500DBA1E2 /* Products */,
			);
			sourceTree = "<group>";
		};
		36E68A9B2A25DD9500DBA1E2 /* Products */ = {
			isa = PBXGroup;
			children = (
				36E68A9A2A25DD9500DBA1E2 /* ECommerceUI.app */,
			);
			name = Products;
			sourceTree = "<group>";
		};
		36E68A9C2A25DD9500DBA1E2 /* ECommerceUI */ = {
			isa = PBXGroup;
			children = (
				36E68AB42A25DE5100DBA1E2 /* Info.plist */,
				36E68ABB2A25DEFD00DBA1E2 /* Utils */,
				36E68ABA2A25DEF800DBA1E2 /* Extension */,
				36E68AB32A25DE2000DBA1E2 /* Data */,
				36E68AB92A25DEF100DBA1E2 /* Model */,
				36E68AB62A25DEDF00DBA1E2 /* View */,
				36E68AB52A25DED100DBA1E2 /* App */,
				36E68AA12A25DD9700DBA1E2 /* Assets.xcassets */,
				36E68AA32A25DD9700DBA1E2 /* Preview Content */,
			);
			path = ECommerceUI;
			sourceTree = "<group>";
		};
		36E68AA32A25DD9700DBA1E2 /* Preview Content */ = {
			isa = PBXGroup;
			children = (
				36E68AA42A25DD9700DBA1E2 /* Preview Assets.xcassets */,
			);
			path = "Preview Content";
			sourceTree = "<group>";
		};
		36E68AB32A25DE2000DBA1E2 /* Data */ = {
			isa = PBXGroup;
			children = (
				36E68AAE2A25DE1B00DBA1E2 /* brand.json */,
				36E68AAB2A25DE1A00DBA1E2 /* category.json */,
				36E68AAD2A25DE1B00DBA1E2 /* player.json */,
				36E68AAC2A25DE1B00DBA1E2 /* product.json */,
			);
			path = Data;
			sourceTree = "<group>";
		};
		36E68AB52A25DED100DBA1E2 /* App */ = {
			isa = PBXGroup;
			children = (
				36E68A9D2A25DD9500DBA1E2 /* ECommerceUIApp.swift */,
				36E68A9F2A25DD9500DBA1E2 /* ContentView.swift */,
			);
			path = App;
			sourceTree = "<group>";
		};
		36E68AB62A25DEDF00DBA1E2 /* View */ = {
			isa = PBXGroup;
			children = (
				36E68AB82A25DEEB00DBA1E2 /* Detail */,
				36E68AB72A25DEE800DBA1E2 /* Home */,
			);
			path = View;
			sourceTree = "<group>";
		};
		36E68AB72A25DEE800DBA1E2 /* Home */ = {
			isa = PBXGroup;
			children = (
				36E68ABE2A25DF7800DBA1E2 /* FooterView.swift */,
			);
			path = Home;
			sourceTree = "<group>";
		};
		36E68AB82A25DEEB00DBA1E2 /* Detail */ = {
			isa = PBXGroup;
			children = (
			);
			path = Detail;
			sourceTree = "<group>";
		};
		36E68AB92A25DEF100DBA1E2 /* Model */ = {
			isa = PBXGroup;
			children = (
			);
			path = Model;
			sourceTree = "<group>";
		};
		36E68ABA2A25DEF800DBA1E2 /* Extension */ = {
			isa = PBXGroup;
			children = (
			);
			path = Extension;
			sourceTree = "<group>";
		};
		36E68ABB2A25DEFD00DBA1E2 /* Utils */ = {
			isa = PBXGroup;
			children = (
				36E68ABC2A25DF3300DBA1E2 /* Constant.swift */,
			);
			path = Utils;
			sourceTree = "<group>";
		};
/* End PBXGroup section */

/* Begin PBXNativeTarget section */
		36E68A992A25DD9500DBA1E2 /* ECommerceUI */ = {
			isa = PBXNativeTarget;
			buildConfigurationList = 36E68AA82A25DD9700DBA1E2 /* Build configuration list for PBXNativeTarget "ECommerceUI" */;
			buildPhases = (
				36E68A962A25DD9500DBA1E2 /* Sources */,
				36E68A972A25DD9500DBA1E2 /* Frameworks */,
				36E68A982A25DD9500DBA1E2 /* Resources */,
			);
			buildRules = (
			);
			dependencies = (
			);
			name = ECommerceUI;
			productName = ECommerceUI;
			productReference = 36E68A9A2A25DD9500DBA1E2 /* ECommerceUI.app */;
			productType = "com.apple.product-type.application";
		};
/* End PBXNativeTarget section */

/* Begin PBXProject section */
		36E68A922A25DD9500DBA1E2 /* Project object */ = {
			isa = PBXProject;
			attributes = {
				BuildIndependentTargetsInParallel = 1;
				LastSwiftUpdateCheck = 1420;
				LastUpgradeCheck = 1420;
				TargetAttributes = {
					36E68A992A25DD9500DBA1E2 = {
						CreatedOnToolsVersion = 14.2;
					};
				};
			};
			buildConfigurationList = 36E68A952A25DD9500DBA1E2 /* Build configuration list for PBXProject "ECommerceUI" */;
			compatibilityVersion = "Xcode 14.0";
			developmentRegion = en;
			hasScannedForEncodings = 0;
			knownRegions = (
				en,
				Base,
			);
			mainGroup = 36E68A912A25DD9500DBA1E2;
			productRefGroup = 36E68A9B2A25DD9500DBA1E2 /* Products */;
			projectDirPath = "";
			projectRoot = "";
			targets = (
				36E68A992A25DD9500DBA1E2 /* ECommerceUI */,
			);
		};
/* End PBXProject section */

/* Begin PBXResourcesBuildPhase section */
		36E68A982A25DD9500DBA1E2 /* Resources */ = {
			isa = PBXResourcesBuildPhase;
			buildActionMask = 2147483647;
			files = (
				36E68AB12A25DE1B00DBA1E2 /* player.json in Resources */,
				36E68AAF2A25DE1B00DBA1E2 /* category.json in Resources */,
				36E68AB02A25DE1B00DBA1E2 /* product.json in Resources */,
				36E68AA52A25DD9700DBA1E2 /* Preview Assets.xcassets in Resources */,
				36E68AA22A25DD9700DBA1E2 /* Assets.xcassets in Resources */,
				36E68AB22A25DE1B00DBA1E2 /* brand.json in Resources */,
			);
			runOnlyForDeploymentPostprocessing = 0;
		};
/* End PBXResourcesBuildPhase section */

/* Begin PBXSourcesBuildPhase section */
		36E68A962A25DD9500DBA1E2 /* Sources */ = {
			isa = PBXSourcesBuildPhase;
			buildActionMask = 2147483647;
			files = (
				36E68AA02A25DD9500DBA1E2 /* ContentView.swift in Sources */,
				36E68ABF2A25DF7800DBA1E2 /* FooterView.swift in Sources */,
				36E68A9E2A25DD9500DBA1E2 /* ECommerceUIApp.swift in Sources */,
				36E68ABD2A25DF3300DBA1E2 /* Constant.swift in Sources */,
			);
			runOnlyForDeploymentPostprocessing = 0;
		};
/* End PBXSourcesBuildPhase section */

/* Begin XCBuildConfiguration section */
		36E68AA62A25DD9700DBA1E2 /* Debug */ = {
			isa = XCBuildConfiguration;
			buildSettings = {
				ALWAYS_SEARCH_USER_PATHS = NO;
				CLANG_ANALYZER_NONNULL = YES;
				CLANG_ANALYZER_NUMBER_OBJECT_CONVERSION = YES_AGGRESSIVE;
				CLANG_CXX_LANGUAGE_STANDARD = "gnu++20";
				CLANG_ENABLE_MODULES = YES;
				CLANG_ENABLE_OBJC_ARC = YES;
				CLANG_ENABLE_OBJC_WEAK = YES;
				CLANG_WARN_BLOCK_CAPTURE_AUTORELEASING = YES;
				CLANG_WARN_BOOL_CONVERSION = YES;
				CLANG_WARN_COMMA = YES;
				CLANG_WARN_CONSTANT_CONVERSION = YES;
				CLANG_WARN_DEPRECATED_OBJC_IMPLEMENTATIONS = YES;
				CLANG_WARN_DIRECT_OBJC_ISA_USAGE = YES_ERROR;
				CLANG_WARN_DOCUMENTATION_COMMENTS = YES;
				CLANG_WARN_EMPTY_BODY = YES;
				CLANG_WARN_ENUM_CONVERSION = YES;
				CLANG_WARN_INFINITE_RECURSION = YES;
				CLANG_WARN_INT_CONVERSION = YES;
				CLANG_WARN_NON_LITERAL_NULL_CONVERSION = YES;
				CLANG_WARN_OBJC_IMPLICIT_RETAIN_SELF = YES;
				CLANG_WARN_OBJC_LITERAL_CONVERSION = YES;
				CLANG_WARN_OBJC_ROOT_CLASS = YES_ERROR;
				CLANG_WARN_QUOTED_INCLUDE_IN_FRAMEWORK_HEADER = YES;
				CLANG_WARN_RANGE_LOOP_ANALYSIS = YES;
				CLANG_WARN_STRICT_PROTOTYPES = YES;
				CLANG_WARN_SUSPICIOUS_MOVE = YES;
				CLANG_WARN_UNGUARDED_AVAILABILITY = YES_AGGRESSIVE;
				CLANG_WARN_UNREACHABLE_CODE = YES;
				CLANG_WARN__DUPLICATE_METHOD_MATCH = YES;
				COPY_PHASE_STRIP = NO;
				DEBUG_INFORMATION_FORMAT = dwarf;
				ENABLE_STRICT_OBJC_MSGSEND = YES;
				ENABLE_TESTABILITY = YES;
				GCC_C_LANGUAGE_STANDARD = gnu11;
				GCC_DYNAMIC_NO_PIC = NO;
				GCC_NO_COMMON_BLOCKS = YES;
				GCC_OPTIMIZATION_LEVEL = 0;
				GCC_PREPROCESSOR_DEFINITIONS = (
					"DEBUG=1",
					"$(inherited)",
				);
				GCC_WARN_64_TO_32_BIT_CONVERSION = YES;
				GCC_WARN_ABOUT_RETURN_TYPE = YES_ERROR;
				GCC_WARN_UNDECLARED_SELECTOR = YES;
				GCC_WARN_UNINITIALIZED_AUTOS = YES_AGGRESSIVE;
				GCC_WARN_UNUSED_FUNCTION = YES;
				GCC_WARN_UNUSED_VARIABLE = YES;
				IPHONEOS_DEPLOYMENT_TARGET = 16.2;
				MTL_ENABLE_DEBUG_INFO = INCLUDE_SOURCE;
				MTL_FAST_MATH = YES;
				ONLY_ACTIVE_ARCH = YES;
				SDKROOT = iphoneos;
				SWIFT_ACTIVE_COMPILATION_CONDITIONS = DEBUG;
				SWIFT_OPTIMIZATION_LEVEL = "-Onone";
			};
			name = Debug;
		};
		36E68AA72A25DD9700DBA1E2 /* Release */ = {
			isa = XCBuildConfiguration;
			buildSettings = {
				ALWAYS_SEARCH_USER_PATHS = NO;
				CLANG_ANALYZER_NONNULL = YES;
				CLANG_ANALYZER_NUMBER_OBJECT_CONVERSION = YES_AGGRESSIVE;
				CLANG_CXX_LANGUAGE_STANDARD = "gnu++20";
				CLANG_ENABLE_MODULES = YES;
				CLANG_ENABLE_OBJC_ARC = YES;
				CLANG_ENABLE_OBJC_WEAK = YES;
				CLANG_WARN_BLOCK_CAPTURE_AUTORELEASING = YES;
				CLANG_WARN_BOOL_CONVERSION = YES;
				CLANG_WARN_COMMA = YES;
				CLANG_WARN_CONSTANT_CONVERSION = YES;
				CLANG_WARN_DEPRECATED_OBJC_IMPLEMENTATIONS = YES;
				CLANG_WARN_DIRECT_OBJC_ISA_USAGE = YES_ERROR;
				CLANG_WARN_DOCUMENTATION_COMMENTS = YES;
				CLANG_WARN_EMPTY_BODY = YES;
				CLANG_WARN_ENUM_CONVERSION = YES;
				CLANG_WARN_INFINITE_RECURSION = YES;
				CLANG_WARN_INT_CONVERSION = YES;
				CLANG_WARN_NON_LITERAL_NULL_CONVERSION = YES;
				CLANG_WARN_OBJC_IMPLICIT_RETAIN_SELF = YES;
				CLANG_WARN_OBJC_LITERAL_CONVERSION = YES;
				CLANG_WARN_OBJC_ROOT_CLASS = YES_ERROR;
				CLANG_WARN_QUOTED_INCLUDE_IN_FRAMEWORK_HEADER = YES;
				CLANG_WARN_RANGE_LOOP_ANALYSIS = YES;
				CLANG_WARN_STRICT_PROTOTYPES = YES;
				CLANG_WARN_SUSPICIOUS_MOVE = YES;
				CLANG_WARN_UNGUARDED_AVAILABILITY = YES_AGGRESSIVE;
				CLANG_WARN_UNREACHABLE_CODE = YES;
				CLANG_WARN__DUPLICATE_METHOD_MATCH = YES;
				COPY_PHASE_STRIP = NO;
				DEBUG_INFORMATION_FORMAT = "dwarf-with-dsym";
				ENABLE_NS_ASSERTIONS = NO;
				ENABLE_STRICT_OBJC_MSGSEND = YES;
				GCC_C_LANGUAGE_STANDARD = gnu11;
				GCC_NO_COMMON_BLOCKS = YES;
				GCC_WARN_64_TO_32_BIT_CONVERSION = YES;
				GCC_WARN_ABOUT_RETURN_TYPE = YES_ERROR;
				GCC_WARN_UNDECLARED_SELECTOR = YES;
				GCC_WARN_UNINITIALIZED_AUTOS = YES_AGGRESSIVE;
				GCC_WARN_UNUSED_FUNCTION = YES;
				GCC_WARN_UNUSED_VARIABLE = YES;
				IPHONEOS_DEPLOYMENT_TARGET = 16.2;
				MTL_ENABLE_DEBUG_INFO = NO;
				MTL_FAST_MATH = YES;
				SDKROOT = iphoneos;
				SWIFT_COMPILATION_MODE = wholemodule;
				SWIFT_OPTIMIZATION_LEVEL = "-O";
				VALIDATE_PRODUCT = YES;
			};
			name = Release;
		};
		36E68AA92A25DD9700DBA1E2 /* Debug */ = {
			isa = XCBuildConfiguration;
			buildSettings = {
				ASSETCATALOG_COMPILER_APPICON_NAME = AppIcon;
				ASSETCATALOG_COMPILER_GLOBAL_ACCENT_COLOR_NAME = AccentColor;
				CODE_SIGN_STYLE = Automatic;
				CURRENT_PROJECT_VERSION = 1;
				DEVELOPMENT_ASSET_PATHS = "\"ECommerceUI/Preview Content\"";
				DEVELOPMENT_TEAM = 56GPYX4M8B;
				ENABLE_PREVIEWS = YES;
				GENERATE_INFOPLIST_FILE = YES;
				INFOPLIST_FILE = ECommerceUI/Info.plist;
				INFOPLIST_KEY_UIApplicationSceneManifest_Generation = YES;
				INFOPLIST_KEY_UIApplicationSupportsIndirectInputEvents = YES;
				INFOPLIST_KEY_UISupportedInterfaceOrientations = UIInterfaceOrientationPortrait;
				INFOPLIST_KEY_UIUserInterfaceStyle = Light;
				LD_RUNPATH_SEARCH_PATHS = (
					"$(inherited)",
					"@executable_path/Frameworks",
				);
				MARKETING_VERSION = 1.0;
				PRODUCT_BUNDLE_IDENTIFIER = com.CanKanbur.ECommerceUI;
				PRODUCT_NAME = "$(TARGET_NAME)";
				SWIFT_EMIT_LOC_STRINGS = YES;
				SWIFT_VERSION = 5.0;
				TARGETED_DEVICE_FAMILY = "1,2";
			};
			name = Debug;
		};
		36E68AAA2A25DD9700DBA1E2 /* Release */ = {
			isa = XCBuildConfiguration;
			buildSettings = {
				ASSETCATALOG_COMPILER_APPICON_NAME = AppIcon;
				ASSETCATALOG_COMPILER_GLOBAL_ACCENT_COLOR_NAME = AccentColor;
				CODE_SIGN_STYLE = Automatic;
				CURRENT_PROJECT_VERSION = 1;
				DEVELOPMENT_ASSET_PATHS = "\"ECommerceUI/Preview Content\"";
				DEVELOPMENT_TEAM = 56GPYX4M8B;
				ENABLE_PREVIEWS = YES;
				GENERATE_INFOPLIST_FILE = YES;
				INFOPLIST_FILE = ECommerceUI/Info.plist;
				INFOPLIST_KEY_UIApplicationSceneManifest_Generation = YES;
				INFOPLIST_KEY_UIApplicationSupportsIndirectInputEvents = YES;
				INFOPLIST_KEY_UISupportedInterfaceOrientations = UIInterfaceOrientationPortrait;
				INFOPLIST_KEY_UIUserInterfaceStyle = Light;
				LD_RUNPATH_SEARCH_PATHS = (
					"$(inherited)",
					"@executable_path/Frameworks",
				);
				MARKETING_VERSION = 1.0;
				PRODUCT_BUNDLE_IDENTIFIER = com.CanKanbur.ECommerceUI;
				PRODUCT_NAME = "$(TARGET_NAME)";
				SWIFT_EMIT_LOC_STRINGS = YES;
				SWIFT_VERSION = 5.0;
				TARGETED_DEVICE_FAMILY = "1,2";
			};
			name = Release;
		};
/* End XCBuildConfiguration section */

/* Begin XCConfigurationList section */
		36E68A952A25DD9500DBA1E2 /* Build configuration list for PBXProject "ECommerceUI" */ = {
			isa = XCConfigurationList;
			buildConfigurations = (
				36E68AA62A25DD9700DBA1E2 /* Debug */,
				36E68AA72A25DD9700DBA1E2 /* Release */,
			);
			defaultConfigurationIsVisible = 0;
			defaultConfigurationName = Release;
		};
		36E68AA82A25DD9700DBA1E2 /* Build configuration list for PBXNativeTarget "ECommerceUI" */ = {
			isa = XCConfigurationList;
			buildConfigurations = (
				36E68AA92A25DD9700DBA1E2 /* Debug */,
				36E68AAA2A25DD9700DBA1E2 /* Release */,
			);
			defaultConfigurationIsVisible = 0;
			defaultConfigurationName = Release;
		};
/* End XCConfigurationList section */
	};
	rootObject = 36E68A922A25DD9500DBA1E2 /* Project object */;
}
